// !$*UTF8*$!
{
	archiveVersion = 1;
	classes = {
	};
	objectVersion = 44;
	objects = {

/* Begin PBXBuildFile section */
		0A3CE0D10EDCCDAE006D48DB /* GeekToolPrefs.m in Sources */ = {isa = PBXBuildFile; fileRef = 0A3CE0CF0EDCCDAE006D48DB /* GeekToolPrefs.m */; };
		0A3CE0D20EDCCDAE006D48DB /* GeekToolPrefs.h in Headers */ = {isa = PBXBuildFile; fileRef = 0A3CE0D00EDCCDAE006D48DB /* GeekToolPrefs.h */; };
		0AC89A550F1C3E53000A795B /* defines.h in Headers */ = {isa = PBXBuildFile; fileRef = 0AC89A540F1C3E53000A795B /* defines.h */; };
		0AD772220ED86CAE003EB540 /* GeektoolPrefs.xib in Resources */ = {isa = PBXBuildFile; fileRef = 0AD772200ED86CAE003EB540 /* GeektoolPrefs.xib */; };
		0AD7722D0ED86EDC003EB540 /* left.png in Resources */ = {isa = PBXBuildFile; fileRef = 0AD772250ED86EDC003EB540 /* left.png */; };
		0AD7722E0ED86EDC003EB540 /* center.png in Resources */ = {isa = PBXBuildFile; fileRef = 0AD772260ED86EDC003EB540 /* center.png */; };
		0AD7722F0ED86EDC003EB540 /* defaultFailure.png in Resources */ = {isa = PBXBuildFile; fileRef = 0AD772270ED86EDC003EB540 /* defaultFailure.png */; };
		0AD772300ED86EDC003EB540 /* right.png in Resources */ = {isa = PBXBuildFile; fileRef = 0AD772280ED86EDC003EB540 /* right.png */; };
		0AD772310ED86EDC003EB540 /* justified.png in Resources */ = {isa = PBXBuildFile; fileRef = 0AD772290ED86EDC003EB540 /* justified.png */; };
		0AD772320ED86EDC003EB540 /* GeekToolPrefs.tiff in Resources */ = {isa = PBXBuildFile; fileRef = 0AD7722A0ED86EDC003EB540 /* GeekToolPrefs.tiff */; };
		0AD772330ED86EDC003EB540 /* delete.tif in Resources */ = {isa = PBXBuildFile; fileRef = 0AD7722B0ED86EDC003EB540 /* delete.tif */; };
		0AD772340ED86EDC003EB540 /* defaultSuccess.png in Resources */ = {isa = PBXBuildFile; fileRef = 0AD7722C0ED86EDC003EB540 /* defaultSuccess.png */; };
		0AD7725B0ED8712C003EB540 /* GTLog.h in Headers */ = {isa = PBXBuildFile; fileRef = 0AD772550ED8712C003EB540 /* GTLog.h */; };
		0AD7725C0ED8712C003EB540 /* GTLog.m in Sources */ = {isa = PBXBuildFile; fileRef = 0AD772560ED8712C003EB540 /* GTLog.m */; };
		0AD7725D0ED8712C003EB540 /* LogWindow.h in Headers */ = {isa = PBXBuildFile; fileRef = 0AD772570ED8712C003EB540 /* LogWindow.h */; };
		0AD7725E0ED8712C003EB540 /* LogWindow.m in Sources */ = {isa = PBXBuildFile; fileRef = 0AD772580ED8712C003EB540 /* LogWindow.m */; };
		0AD7725F0ED8712C003EB540 /* LogWindowController.h in Headers */ = {isa = PBXBuildFile; fileRef = 0AD772590ED8712C003EB540 /* LogWindowController.h */; };
		0AD772600ED8712C003EB540 /* LogWindowController.m in Sources */ = {isa = PBXBuildFile; fileRef = 0AD7725A0ED8712C003EB540 /* LogWindowController.m */; };
		0AD772680ED871C4003EB540 /* CGSPrivate.h in Headers */ = {isa = PBXBuildFile; fileRef = 0AD772670ED871C4003EB540 /* CGSPrivate.h */; };
		0AD772760ED87207003EB540 /* Carbon.framework in Frameworks */ = {isa = PBXBuildFile; fileRef = 0AD772750ED87207003EB540 /* Carbon.framework */; };
		8D202CEA0486D31800D8A456 /* GeektoolPreferencePane_Prefix.pch in Headers */ = {isa = PBXBuildFile; fileRef = 32DBCFA20370C41700C91783 /* GeektoolPreferencePane_Prefix.pch */; };
		8D202CED0486D31800D8A456 /* InfoPlist.strings in Resources */ = {isa = PBXBuildFile; fileRef = 089C167DFE841241C02AAC07 /* InfoPlist.strings */; };
		8D202CEE0486D31800D8A456 /* GeektoolPreferencePanePref.tiff in Resources */ = {isa = PBXBuildFile; fileRef = F506C040013D9D8001CA16C8 /* GeektoolPreferencePanePref.tiff */; };
		8D202CF30486D31800D8A456 /* Cocoa.framework in Frameworks */ = {isa = PBXBuildFile; fileRef = 1058C7ADFEA557BF11CA2CBB /* Cocoa.framework */; };
		8D202CF40486D31800D8A456 /* PreferencePanes.framework in Frameworks */ = {isa = PBXBuildFile; fileRef = F506C035013D953901CA16C8 /* PreferencePanes.framework */; };
/* End PBXBuildFile section */

/* Begin PBXFileReference section */
		089C1672FE841209C02AAC07 /* Foundation.framework */ = {isa = PBXFileReference; lastKnownFileType = wrapper.framework; name = Foundation.framework; path = /System/Library/Frameworks/Foundation.framework; sourceTree = "<absolute>"; };
		089C167EFE841241C02AAC07 /* English */ = {isa = PBXFileReference; fileEncoding = 10; lastKnownFileType = text.plist.strings; name = English; path = English.lproj/InfoPlist.strings; sourceTree = "<group>"; };
		089C167FFE841241C02AAC07 /* AppKit.framework */ = {isa = PBXFileReference; lastKnownFileType = wrapper.framework; name = AppKit.framework; path = /System/Library/Frameworks/AppKit.framework; sourceTree = "<absolute>"; };
		0A3CE0CF0EDCCDAE006D48DB /* GeekToolPrefs.m */ = {isa = PBXFileReference; fileEncoding = 4; lastKnownFileType = sourcecode.c.objc; path = GeekToolPrefs.m; sourceTree = "<group>"; };
		0A3CE0D00EDCCDAE006D48DB /* GeekToolPrefs.h */ = {isa = PBXFileReference; fileEncoding = 4; lastKnownFileType = sourcecode.c.h; path = GeekToolPrefs.h; sourceTree = "<group>"; };
		0AC89A540F1C3E53000A795B /* defines.h */ = {isa = PBXFileReference; fileEncoding = 4; lastKnownFileType = sourcecode.c.h; name = defines.h; path = ../Geektool/defines.h; sourceTree = SOURCE_ROOT; };
		0AD772210ED86CAE003EB540 /* English */ = {isa = PBXFileReference; lastKnownFileType = file.xib; name = English; path = English.lproj/GeektoolPrefs.xib; sourceTree = "<group>"; };
		0AD772250ED86EDC003EB540 /* left.png */ = {isa = PBXFileReference; lastKnownFileType = image.png; path = left.png; sourceTree = "<group>"; };
		0AD772260ED86EDC003EB540 /* center.png */ = {isa = PBXFileReference; lastKnownFileType = image.png; path = center.png; sourceTree = "<group>"; };
		0AD772270ED86EDC003EB540 /* defaultFailure.png */ = {isa = PBXFileReference; lastKnownFileType = image.png; path = defaultFailure.png; sourceTree = "<group>"; };
		0AD772280ED86EDC003EB540 /* right.png */ = {isa = PBXFileReference; lastKnownFileType = image.png; path = right.png; sourceTree = "<group>"; };
		0AD772290ED86EDC003EB540 /* justified.png */ = {isa = PBXFileReference; lastKnownFileType = image.png; path = justified.png; sourceTree = "<group>"; };
		0AD7722A0ED86EDC003EB540 /* GeekToolPrefs.tiff */ = {isa = PBXFileReference; lastKnownFileType = image.tiff; path = GeekToolPrefs.tiff; sourceTree = "<group>"; };
		0AD7722B0ED86EDC003EB540 /* delete.tif */ = {isa = PBXFileReference; lastKnownFileType = image.tiff; path = delete.tif; sourceTree = "<group>"; };
		0AD7722C0ED86EDC003EB540 /* defaultSuccess.png */ = {isa = PBXFileReference; lastKnownFileType = image.png; path = defaultSuccess.png; sourceTree = "<group>"; };
		0AD772550ED8712C003EB540 /* GTLog.h */ = {isa = PBXFileReference; fileEncoding = 4; lastKnownFileType = sourcecode.c.h; name = GTLog.h; path = ../Geektool/GTLog.h; sourceTree = SOURCE_ROOT; };
		0AD772560ED8712C003EB540 /* GTLog.m */ = {isa = PBXFileReference; fileEncoding = 4; lastKnownFileType = sourcecode.c.objc; name = GTLog.m; path = ../Geektool/GTLog.m; sourceTree = SOURCE_ROOT; };
		0AD772570ED8712C003EB540 /* LogWindow.h */ = {isa = PBXFileReference; fileEncoding = 4; lastKnownFileType = sourcecode.c.h; name = LogWindow.h; path = ../Geektool/LogWindow.h; sourceTree = SOURCE_ROOT; };
		0AD772580ED8712C003EB540 /* LogWindow.m */ = {isa = PBXFileReference; fileEncoding = 4; lastKnownFileType = sourcecode.c.objc; name = LogWindow.m; path = ../Geektool/LogWindow.m; sourceTree = SOURCE_ROOT; };
		0AD772590ED8712C003EB540 /* LogWindowController.h */ = {isa = PBXFileReference; fileEncoding = 4; lastKnownFileType = sourcecode.c.h; name = LogWindowController.h; path = ../Geektool/LogWindowController.h; sourceTree = SOURCE_ROOT; };
		0AD7725A0ED8712C003EB540 /* LogWindowController.m */ = {isa = PBXFileReference; fileEncoding = 4; lastKnownFileType = sourcecode.c.objc; name = LogWindowController.m; path = ../Geektool/LogWindowController.m; sourceTree = SOURCE_ROOT; };
		0AD772670ED871C4003EB540 /* CGSPrivate.h */ = {isa = PBXFileReference; fileEncoding = 4; lastKnownFileType = sourcecode.c.h; name = CGSPrivate.h; path = ../Geektool/CGSPrivate.h; sourceTree = SOURCE_ROOT; };
		0AD772750ED87207003EB540 /* Carbon.framework */ = {isa = PBXFileReference; lastKnownFileType = wrapper.framework; name = Carbon.framework; path = /System/Library/Frameworks/Carbon.framework; sourceTree = "<absolute>"; };
		1058C7ADFEA557BF11CA2CBB /* Cocoa.framework */ = {isa = PBXFileReference; lastKnownFileType = wrapper.framework; name = Cocoa.framework; path = /System/Library/Frameworks/Cocoa.framework; sourceTree = "<absolute>"; };
		32DBCFA20370C41700C91783 /* GeektoolPreferencePane_Prefix.pch */ = {isa = PBXFileReference; fileEncoding = 4; lastKnownFileType = sourcecode.c.h; path = GeektoolPreferencePane_Prefix.pch; sourceTree = "<group>"; };
		8D202CF70486D31800D8A456 /* Info.plist */ = {isa = PBXFileReference; fileEncoding = 4; lastKnownFileType = text.plist; path = Info.plist; sourceTree = "<group>"; };
		8D202CF80486D31800D8A456 /* GeektoolPreferencePane.prefPane */ = {isa = PBXFileReference; explicitFileType = wrapper.cfbundle; includeInIndex = 0; path = GeektoolPreferencePane.prefPane; sourceTree = BUILT_PRODUCTS_DIR; };
		F506C035013D953901CA16C8 /* PreferencePanes.framework */ = {isa = PBXFileReference; lastKnownFileType = wrapper.framework; name = PreferencePanes.framework; path = /System/Library/Frameworks/PreferencePanes.framework; sourceTree = "<absolute>"; };
		F506C040013D9D8001CA16C8 /* GeektoolPreferencePanePref.tiff */ = {isa = PBXFileReference; lastKnownFileType = image.tiff; path = GeektoolPreferencePanePref.tiff; sourceTree = "<group>"; };
/* End PBXFileReference section */

/* Begin PBXFrameworksBuildPhase section */
		8D202CF20486D31800D8A456 /* Frameworks */ = {
			isa = PBXFrameworksBuildPhase;
			buildActionMask = 2147483647;
			files = (
				8D202CF30486D31800D8A456 /* Cocoa.framework in Frameworks */,
				8D202CF40486D31800D8A456 /* PreferencePanes.framework in Frameworks */,
				0AD772760ED87207003EB540 /* Carbon.framework in Frameworks */,
			);
			runOnlyForDeploymentPostprocessing = 0;
		};
/* End PBXFrameworksBuildPhase section */

/* Begin PBXGroup section */
		089C166AFE841209C02AAC07 /* GeektoolPreferencePane */ = {
			isa = PBXGroup;
			children = (
				08FB77AFFE84173DC02AAC07 /* Classes */,
				0AD772610ED87141003EB540 /* Shared Classes */,
				32DBCFA10370C40200C91783 /* Other Sources */,
				089C167CFE841241C02AAC07 /* Resources */,
				089C1671FE841209C02AAC07 /* Frameworks and Libraries */,
				19C28FB8FE9D52D311CA2CBB /* Products */,
			);
			name = GeektoolPreferencePane;
			sourceTree = "<group>";
		};
		089C1671FE841209C02AAC07 /* Frameworks and Libraries */ = {
			isa = PBXGroup;
			children = (
				1058C7ACFEA557BF11CA2CBB /* Linked Frameworks */,
				1058C7AEFEA557BF11CA2CBB /* Other Frameworks */,
			);
			name = "Frameworks and Libraries";
			sourceTree = "<group>";
		};
		089C167CFE841241C02AAC07 /* Resources */ = {
			isa = PBXGroup;
			children = (
				0AD772250ED86EDC003EB540 /* left.png */,
				0AD772260ED86EDC003EB540 /* center.png */,
				0AD772270ED86EDC003EB540 /* defaultFailure.png */,
				0AD772280ED86EDC003EB540 /* right.png */,
				0AD772290ED86EDC003EB540 /* justified.png */,
				0AD7722A0ED86EDC003EB540 /* GeekToolPrefs.tiff */,
				0AD7722B0ED86EDC003EB540 /* delete.tif */,
				0AD7722C0ED86EDC003EB540 /* defaultSuccess.png */,
				0AD772200ED86CAE003EB540 /* GeektoolPrefs.xib */,
				8D202CF70486D31800D8A456 /* Info.plist */,
				089C167DFE841241C02AAC07 /* InfoPlist.strings */,
				F506C040013D9D8001CA16C8 /* GeektoolPreferencePanePref.tiff */,
			);
			name = Resources;
			sourceTree = "<group>";
		};
		08FB77AFFE84173DC02AAC07 /* Classes */ = {
			isa = PBXGroup;
			children = (
				0A3CE0D00EDCCDAE006D48DB /* GeekToolPrefs.h */,
				0A3CE0CF0EDCCDAE006D48DB /* GeekToolPrefs.m */,
			);
			name = Classes;
			sourceTree = "<group>";
		};
		0AD772610ED87141003EB540 /* Shared Classes */ = {
			isa = PBXGroup;
			children = (
				0AC89A540F1C3E53000A795B /* defines.h */,
				0AD772670ED871C4003EB540 /* CGSPrivate.h */,
				0AD772550ED8712C003EB540 /* GTLog.h */,
				0AD772560ED8712C003EB540 /* GTLog.m */,
				0AD772570ED8712C003EB540 /* LogWindow.h */,
				0AD772580ED8712C003EB540 /* LogWindow.m */,
				0AD772590ED8712C003EB540 /* LogWindowController.h */,
				0AD7725A0ED8712C003EB540 /* LogWindowController.m */,
			);
			name = "Shared Classes";
			sourceTree = "<group>";
		};
		1058C7ACFEA557BF11CA2CBB /* Linked Frameworks */ = {
			isa = PBXGroup;
			children = (
				0AD772750ED87207003EB540 /* Carbon.framework */,
				1058C7ADFEA557BF11CA2CBB /* Cocoa.framework */,
				F506C035013D953901CA16C8 /* PreferencePanes.framework */,
			);
			name = "Linked Frameworks";
			sourceTree = "<group>";
		};
		1058C7AEFEA557BF11CA2CBB /* Other Frameworks */ = {
			isa = PBXGroup;
			children = (
				089C1672FE841209C02AAC07 /* Foundation.framework */,
				089C167FFE841241C02AAC07 /* AppKit.framework */,
			);
			name = "Other Frameworks";
			sourceTree = "<group>";
		};
		19C28FB8FE9D52D311CA2CBB /* Products */ = {
			isa = PBXGroup;
			children = (
				8D202CF80486D31800D8A456 /* GeektoolPreferencePane.prefPane */,
			);
			name = Products;
			sourceTree = "<group>";
		};
		32DBCFA10370C40200C91783 /* Other Sources */ = {
			isa = PBXGroup;
			children = (
				32DBCFA20370C41700C91783 /* GeektoolPreferencePane_Prefix.pch */,
			);
			name = "Other Sources";
			sourceTree = "<group>";
		};
/* End PBXGroup section */

/* Begin PBXHeadersBuildPhase section */
		8D202CE90486D31800D8A456 /* Headers */ = {
			isa = PBXHeadersBuildPhase;
			buildActionMask = 2147483647;
			files = (
				8D202CEA0486D31800D8A456 /* GeektoolPreferencePane_Prefix.pch in Headers */,
				0AD7725B0ED8712C003EB540 /* GTLog.h in Headers */,
				0AD7725D0ED8712C003EB540 /* LogWindow.h in Headers */,
				0AD7725F0ED8712C003EB540 /* LogWindowController.h in Headers */,
				0AD772680ED871C4003EB540 /* CGSPrivate.h in Headers */,
				0A3CE0D20EDCCDAE006D48DB /* GeekToolPrefs.h in Headers */,
				0AC89A550F1C3E53000A795B /* defines.h in Headers */,
			);
			runOnlyForDeploymentPostprocessing = 0;
		};
/* End PBXHeadersBuildPhase section */

/* Begin PBXNativeTarget section */
		8D202CE80486D31800D8A456 /* GeektoolPreferencePane */ = {
			isa = PBXNativeTarget;
			buildConfigurationList = 1DBD214808BA80EA00186707 /* Build configuration list for PBXNativeTarget "GeektoolPreferencePane" */;
			buildPhases = (
				8D202CE90486D31800D8A456 /* Headers */,
				8D202CEC0486D31800D8A456 /* Resources */,
				8D202CF00486D31800D8A456 /* Sources */,
				8D202CF20486D31800D8A456 /* Frameworks */,
				8D202CF50486D31800D8A456 /* Rez */,
				0AB304810EF5F70E00B2C47E /* ShellScript */,
			);
			buildRules = (
			);
			dependencies = (
			);
			name = GeektoolPreferencePane;
			productInstallPath = "$(HOME)/Library/PreferencePanes";
			productName = GeektoolPreferencePane;
			productReference = 8D202CF80486D31800D8A456 /* GeektoolPreferencePane.prefPane */;
			productType = "com.apple.product-type.bundle";
		};
/* End PBXNativeTarget section */

/* Begin PBXProject section */
		089C1669FE841209C02AAC07 /* Project object */ = {
			isa = PBXProject;
			buildConfigurationList = 1DBD214C08BA80EA00186707 /* Build configuration list for PBXProject "GeektoolPreferencePane" */;
			compatibilityVersion = "Xcode 3.0";
			hasScannedForEncodings = 1;
			mainGroup = 089C166AFE841209C02AAC07 /* GeektoolPreferencePane */;
			projectDirPath = "";
			projectRoot = "";
			targets = (
				8D202CE80486D31800D8A456 /* GeektoolPreferencePane */,
			);
		};
/* End PBXProject section */

/* Begin PBXResourcesBuildPhase section */
		8D202CEC0486D31800D8A456 /* Resources */ = {
			isa = PBXResourcesBuildPhase;
			buildActionMask = 2147483647;
			files = (
				8D202CED0486D31800D8A456 /* InfoPlist.strings in Resources */,
				8D202CEE0486D31800D8A456 /* GeektoolPreferencePanePref.tiff in Resources */,
				0AD772220ED86CAE003EB540 /* GeektoolPrefs.xib in Resources */,
				0AD7722D0ED86EDC003EB540 /* left.png in Resources */,
				0AD7722E0ED86EDC003EB540 /* center.png in Resources */,
				0AD7722F0ED86EDC003EB540 /* defaultFailure.png in Resources */,
				0AD772300ED86EDC003EB540 /* right.png in Resources */,
				0AD772310ED86EDC003EB540 /* justified.png in Resources */,
				0AD772320ED86EDC003EB540 /* GeekToolPrefs.tiff in Resources */,
				0AD772330ED86EDC003EB540 /* delete.tif in Resources */,
				0AD772340ED86EDC003EB540 /* defaultSuccess.png in Resources */,
			);
			runOnlyForDeploymentPostprocessing = 0;
		};
/* End PBXResourcesBuildPhase section */

/* Begin PBXRezBuildPhase section */
		8D202CF50486D31800D8A456 /* Rez */ = {
			isa = PBXRezBuildPhase;
			buildActionMask = 2147483647;
			files = (
			);
			runOnlyForDeploymentPostprocessing = 0;
		};
/* End PBXRezBuildPhase section */

/* Begin PBXShellScriptBuildPhase section */
		0AB304810EF5F70E00B2C47E /* ShellScript */ = {
			isa = PBXShellScriptBuildPhase;
			buildActionMask = 2147483647;
			files = (
			);
			inputPaths = (
			);
			outputPaths = (
			);
			runOnlyForDeploymentPostprocessing = 0;
			shellPath = /bin/bash;
			shellScript = "#!/bin/bash\ncp -R \"${SRCROOT}/build/Debug/GeektoolPreferencePane.prefPane\" ~/Library/PreferencePanes";
		};
/* End PBXShellScriptBuildPhase section */

/* Begin PBXSourcesBuildPhase section */
		8D202CF00486D31800D8A456 /* Sources */ = {
			isa = PBXSourcesBuildPhase;
			buildActionMask = 2147483647;
			files = (
				0AD7725C0ED8712C003EB540 /* GTLog.m in Sources */,
				0AD7725E0ED8712C003EB540 /* LogWindow.m in Sources */,
				0AD772600ED8712C003EB540 /* LogWindowController.m in Sources */,
				0A3CE0D10EDCCDAE006D48DB /* GeekToolPrefs.m in Sources */,
			);
			runOnlyForDeploymentPostprocessing = 0;
		};
/* End PBXSourcesBuildPhase section */

/* Begin PBXVariantGroup section */
		089C167DFE841241C02AAC07 /* InfoPlist.strings */ = {
			isa = PBXVariantGroup;
			children = (
				089C167EFE841241C02AAC07 /* English */,
			);
			name = InfoPlist.strings;
			sourceTree = "<group>";
		};
		0AD772200ED86CAE003EB540 /* GeektoolPrefs.xib */ = {
			isa = PBXVariantGroup;
			children = (
				0AD772210ED86CAE003EB540 /* English */,
			);
			name = GeektoolPrefs.xib;
			sourceTree = "<group>";
		};
/* End PBXVariantGroup section */

/* Begin XCBuildConfiguration section */
		1DBD214908BA80EA00186707 /* Debug */ = {
			isa = XCBuildConfiguration;
			buildSettings = {
				COPY_PHASE_STRIP = NO;
				GCC_DYNAMIC_NO_PIC = NO;
				GCC_ENABLE_FIX_AND_CONTINUE = YES;
				GCC_MODEL_TUNING = G5;
				GCC_OPTIMIZATION_LEVEL = 0;
				GCC_PRECOMPILE_PREFIX_HEADER = YES;
				GCC_PREFIX_HEADER = GeektoolPreferencePane_Prefix.pch;
				INFOPLIST_FILE = Info.plist;
				INSTALL_PATH = "$(HOME)/Library/PreferencePanes";
				PRODUCT_NAME = GeektoolPreferencePane;
				WRAPPER_EXTENSION = prefPane;
				ZERO_LINK = YES;
			};
			name = Debug;
		};
		1DBD214A08BA80EA00186707 /* Release */ = {
			isa = XCBuildConfiguration;
			buildSettings = {
				DEBUG_INFORMATION_FORMAT = "dwarf-with-dsym";
				GCC_MODEL_TUNING = G5;
				GCC_PRECOMPILE_PREFIX_HEADER = YES;
				GCC_PREFIX_HEADER = GeektoolPreferencePane_Prefix.pch;
				INFOPLIST_FILE = Info.plist;
				INSTALL_PATH = "$(HOME)/Library/PreferencePanes";
				PRODUCT_NAME = GeektoolPreferencePane;
				WRAPPER_EXTENSION = prefPane;
			};
			name = Release;
		};
		1DBD214D08BA80EA00186707 /* Debug */ = {
			isa = XCBuildConfiguration;
			buildSettings = {
				GCC_WARN_ABOUT_RETURN_TYPE = YES;
				GCC_WARN_UNUSED_VARIABLE = YES;
				PREBINDING = NO;
				SDKROOT = "$(DEVELOPER_SDK_DIR)/MacOSX10.5.sdk";
			};
			name = Debug;
		};
		1DBD214E08BA80EA00186707 /* Release */ = {
			isa = XCBuildConfiguration;
			buildSettings = {
				ARCHS = (
					ppc,
					i386,
				);
				GCC_WARN_ABOUT_RETURN_TYPE = YES;
				GCC_WARN_UNUSED_VARIABLE = YES;
				PREBINDING = NO;
				SDKROOT = "$(DEVELOPER_SDK_DIR)/MacOSX10.5.sdk";
			};
			name = Release;
		};
/* End XCBuildConfiguration section */

/* Begin XCConfigurationList section */
		1DBD214808BA80EA00186707 /* Build configuration list for PBXNativeTarget "GeektoolPreferencePane" */ = {
			isa = XCConfigurationList;
			buildConfigurations = (
				1DBD214908BA80EA00186707 /* Debug */,
				1DBD214A08BA80EA00186707 /* Release */,
			);
			defaultConfigurationIsVisible = 0;
			defaultConfigurationName = Release;
		};
		1DBD214C08BA80EA00186707 /* Build configuration list for PBXProject "GeektoolPreferencePane" */ = {
			isa = XCConfigurationList;
			buildConfigurations = (
				1DBD214D08BA80EA00186707 /* Debug */,
				1DBD214E08BA80EA00186707 /* Release */,
			);
			defaultConfigurationIsVisible = 0;
			defaultConfigurationName = Release;
		};
/* End XCConfigurationList section */
	};
	rootObject = 089C1669FE841209C02AAC07 /* Project object */;
}
