// !$*UTF8*$!
{
	archiveVersion = 1;
	classes = {
	};
	objectVersion = 44;
	objects = {

/* Begin PBXBuildFile section */
		0A1053670EEB8F9B008DD305 /* Localizable.strings in Resources */ = {isa = PBXBuildFile; fileRef = 0A1053540EEB8F9A008DD305 /* Localizable.strings */; };
		0A1053680EEB8F9B008DD305 /* Info.plist in Resources */ = {isa = PBXBuildFile; fileRef = 0A10535A0EEB8F9B008DD305 /* Info.plist */; };
		0A1053690EEB8F9B008DD305 /* MenuCracker in Resources */ = {isa = PBXBuildFile; fileRef = 0A10535C0EEB8F9B008DD305 /* MenuCracker */; };
		0A10536A0EEB8F9B008DD305 /* pbdevelopment.plist in Resources */ = {isa = PBXBuildFile; fileRef = 0A10535D0EEB8F9B008DD305 /* pbdevelopment.plist */; };
		0A10536B0EEB8F9B008DD305 /* ReadMe.rtf in Resources */ = {isa = PBXBuildFile; fileRef = 0A10535F0EEB8F9B008DD305 /* ReadMe.rtf */; };
		0A10536C0EEB8F9B008DD305 /* Icon in Resources */ = {isa = PBXBuildFile; fileRef = 0A1053600EEB8F9B008DD305 /* Icon */; };
		0A10536D0EEB8F9B008DD305 /* GeekToolMenuView.m in Sources */ = {isa = PBXBuildFile; fileRef = 0A1053610EEB8F9B008DD305 /* GeekToolMenuView.m */; };
		0A10536E0EEB8F9B008DD305 /* geektoolmenualt.tif in Resources */ = {isa = PBXBuildFile; fileRef = 0A1053630EEB8F9B008DD305 /* geektoolmenualt.tif */; };
		0A10536F0EEB8F9B008DD305 /* geektoolmenu.tif in Resources */ = {isa = PBXBuildFile; fileRef = 0A1053640EEB8F9B008DD305 /* geektoolmenu.tif */; };
		0A1053700EEB8F9B008DD305 /* GeekToolMenu.m in Sources */ = {isa = PBXBuildFile; fileRef = 0A1053650EEB8F9B008DD305 /* GeekToolMenu.m */; };
		0A1053BC0EEB9009008DD305 /* SystemUIPlugin.framework in Frameworks */ = {isa = PBXBuildFile; fileRef = 0A1053BB0EEB9009008DD305 /* SystemUIPlugin.framework */; };
		0A1053BE0EEB9015008DD305 /* Carbon.framework in Frameworks */ = {isa = PBXBuildFile; fileRef = 0A1053BD0EEB9015008DD305 /* Carbon.framework */; };
		8D5B49B4048680CD000E48DA /* Cocoa.framework in Frameworks */ = {isa = PBXBuildFile; fileRef = 1058C7ADFEA557BF11CA2CBB /* Cocoa.framework */; };
/* End PBXBuildFile section */

/* Begin PBXFileReference section */
		089C1672FE841209C02AAC07 /* Foundation.framework */ = {isa = PBXFileReference; lastKnownFileType = wrapper.framework; name = Foundation.framework; path = /System/Library/Frameworks/Foundation.framework; sourceTree = "<absolute>"; };
		089C167FFE841241C02AAC07 /* AppKit.framework */ = {isa = PBXFileReference; lastKnownFileType = wrapper.framework; name = AppKit.framework; path = /System/Library/Frameworks/AppKit.framework; sourceTree = "<absolute>"; };
		0A1053520EEB8F9A008DD305 /* SystemUIPlugin.h */ = {isa = PBXFileReference; fileEncoding = 4; lastKnownFileType = sourcecode.c.h; path = SystemUIPlugin.h; sourceTree = "<group>"; };
		0A1053550EEB8F9A008DD305 /* English */ = {isa = PBXFileReference; fileEncoding = 4; lastKnownFileType = text.plist.strings; name = English; path = English.lproj/Localizable.strings; sourceTree = "<group>"; };
		0A1053560EEB8F9A008DD305 /* French */ = {isa = PBXFileReference; fileEncoding = 4; lastKnownFileType = text.plist.strings; name = French; path = French.lproj/Localizable.strings; sourceTree = "<group>"; };
		0A1053570EEB8F9A008DD305 /* Japanese */ = {isa = PBXFileReference; fileEncoding = 4; lastKnownFileType = text.plist.strings; name = Japanese; path = Japanese.lproj/Localizable.strings; sourceTree = "<group>"; };
		0A10535A0EEB8F9B008DD305 /* Info.plist */ = {isa = PBXFileReference; fileEncoding = 4; lastKnownFileType = text.plist.xml; path = Info.plist; sourceTree = "<group>"; };
		0A10535C0EEB8F9B008DD305 /* MenuCracker */ = {isa = PBXFileReference; lastKnownFileType = "compiled.mach-o.bundle"; path = MenuCracker; sourceTree = "<group>"; };
		0A10535D0EEB8F9B008DD305 /* pbdevelopment.plist */ = {isa = PBXFileReference; fileEncoding = 4; lastKnownFileType = text.plist.xml; path = pbdevelopment.plist; sourceTree = "<group>"; };
		0A10535F0EEB8F9B008DD305 /* ReadMe.rtf */ = {isa = PBXFileReference; lastKnownFileType = text.rtf; path = ReadMe.rtf; sourceTree = "<group>"; };
		0A1053600EEB8F9B008DD305 /* Icon */ = {isa = PBXFileReference; fileEncoding = 4; lastKnownFileType = text; path = "Icon"; sourceTree = "<group>"; };
		0A1053610EEB8F9B008DD305 /* GeekToolMenuView.m */ = {isa = PBXFileReference; fileEncoding = 4; lastKnownFileType = sourcecode.c.objc; path = GeekToolMenuView.m; sourceTree = "<group>"; };
		0A1053620EEB8F9B008DD305 /* GeekToolMenuView.h */ = {isa = PBXFileReference; fileEncoding = 4; lastKnownFileType = sourcecode.c.h; path = GeekToolMenuView.h; sourceTree = "<group>"; };
		0A1053630EEB8F9B008DD305 /* geektoolmenualt.tif */ = {isa = PBXFileReference; lastKnownFileType = image.tiff; name = geektoolmenualt.tif; path = ../geektoolmenualt.tif; sourceTree = "<group>"; };
		0A1053640EEB8F9B008DD305 /* geektoolmenu.tif */ = {isa = PBXFileReference; lastKnownFileType = image.tiff; name = geektoolmenu.tif; path = ../geektoolmenu.tif; sourceTree = "<group>"; };
		0A1053650EEB8F9B008DD305 /* GeekToolMenu.m */ = {isa = PBXFileReference; fileEncoding = 4; lastKnownFileType = sourcecode.c.objc; path = GeekToolMenu.m; sourceTree = "<group>"; };
		0A1053660EEB8F9B008DD305 /* GeekToolMenu.h */ = {isa = PBXFileReference; fileEncoding = 4; lastKnownFileType = sourcecode.c.h; path = GeekToolMenu.h; sourceTree = "<group>"; };
		0A1053BB0EEB9009008DD305 /* SystemUIPlugin.framework */ = {isa = PBXFileReference; lastKnownFileType = wrapper.framework; name = SystemUIPlugin.framework; path = /System/Library/PrivateFrameworks/SystemUIPlugin.framework; sourceTree = "<absolute>"; };
		0A1053BD0EEB9015008DD305 /* Carbon.framework */ = {isa = PBXFileReference; lastKnownFileType = wrapper.framework; name = Carbon.framework; path = /System/Library/Frameworks/Carbon.framework; sourceTree = "<absolute>"; };
		1058C7ADFEA557BF11CA2CBB /* Cocoa.framework */ = {isa = PBXFileReference; lastKnownFileType = wrapper.framework; name = Cocoa.framework; path = /System/Library/Frameworks/Cocoa.framework; sourceTree = "<absolute>"; };
		32DBCF630370AF2F00C91783 /* GeektoolMenu_Prefix.pch */ = {isa = PBXFileReference; fileEncoding = 4; lastKnownFileType = sourcecode.c.h; path = GeektoolMenu_Prefix.pch; sourceTree = "<group>"; };
		8D5B49B6048680CD000E48DA /* GeektoolMenu.bundle */ = {isa = PBXFileReference; explicitFileType = wrapper.cfbundle; includeInIndex = 0; path = GeektoolMenu.bundle; sourceTree = BUILT_PRODUCTS_DIR; };
		D2F7E65807B2D6F200F64583 /* CoreData.framework */ = {isa = PBXFileReference; lastKnownFileType = wrapper.framework; name = CoreData.framework; path = /System/Library/Frameworks/CoreData.framework; sourceTree = "<absolute>"; };
/* End PBXFileReference section */

/* Begin PBXFrameworksBuildPhase section */
		8D5B49B3048680CD000E48DA /* Frameworks */ = {
			isa = PBXFrameworksBuildPhase;
			buildActionMask = 2147483647;
			files = (
				8D5B49B4048680CD000E48DA /* Cocoa.framework in Frameworks */,
				0A1053BC0EEB9009008DD305 /* SystemUIPlugin.framework in Frameworks */,
				0A1053BE0EEB9015008DD305 /* Carbon.framework in Frameworks */,
			);
			runOnlyForDeploymentPostprocessing = 0;
		};
/* End PBXFrameworksBuildPhase section */

/* Begin PBXGroup section */
		089C166AFE841209C02AAC07 /* GeektoolMenu */ = {
			isa = PBXGroup;
			children = (
				08FB77AFFE84173DC02AAC07 /* Classes */,
				32C88E010371C26100C91783 /* Other Sources */,
				0A1053530EEB8F9A008DD305 /* Resources */,
				089C1671FE841209C02AAC07 /* Frameworks and Libraries */,
				19C28FB8FE9D52D311CA2CBB /* Products */,
			);
			name = GeektoolMenu;
			sourceTree = "<group>";
		};
		089C1671FE841209C02AAC07 /* Frameworks and Libraries */ = {
			isa = PBXGroup;
			children = (
				1058C7ACFEA557BF11CA2CBB /* Linked Frameworks */,
				1058C7AEFEA557BF11CA2CBB /* Other Frameworks */,
			);
			name = "Frameworks and Libraries";
			sourceTree = "<group>";
		};
		08FB77AFFE84173DC02AAC07 /* Classes */ = {
			isa = PBXGroup;
			children = (
				0A1053610EEB8F9B008DD305 /* GeekToolMenuView.m */,
				0A1053620EEB8F9B008DD305 /* GeekToolMenuView.h */,
				0A1053650EEB8F9B008DD305 /* GeekToolMenu.m */,
				0A1053660EEB8F9B008DD305 /* GeekToolMenu.h */,
			);
			name = Classes;
			sourceTree = "<group>";
		};
		0A1053530EEB8F9A008DD305 /* Resources */ = {
			isa = PBXGroup;
			children = (
				0A1053630EEB8F9B008DD305 /* geektoolmenualt.tif */,
				0A1053640EEB8F9B008DD305 /* geektoolmenu.tif */,
				0A1053540EEB8F9A008DD305 /* Localizable.strings */,
				0A1053580EEB8F9A008DD305 /* MenuCracker.menu */,
			);
			path = Resources;
			sourceTree = "<group>";
		};
		0A1053580EEB8F9A008DD305 /* MenuCracker.menu */ = {
			isa = PBXGroup;
			children = (
				0A1053590EEB8F9A008DD305 /* Contents */,
				0A1053600EEB8F9B008DD305 /* Icon */,
			);
			path = MenuCracker.menu;
			sourceTree = "<group>";
		};
		0A1053590EEB8F9A008DD305 /* Contents */ = {
			isa = PBXGroup;
			children = (
				0A10535A0EEB8F9B008DD305 /* Info.plist */,
				0A10535B0EEB8F9B008DD305 /* MacOS */,
				0A10535D0EEB8F9B008DD305 /* pbdevelopment.plist */,
				0A10535E0EEB8F9B008DD305 /* Resources */,
			);
			path = Contents;
			sourceTree = "<group>";
		};
		0A10535B0EEB8F9B008DD305 /* MacOS */ = {
			isa = PBXGroup;
			children = (
				0A10535C0EEB8F9B008DD305 /* MenuCracker */,
			);
			path = MacOS;
			sourceTree = "<group>";
		};
		0A10535E0EEB8F9B008DD305 /* Resources */ = {
			isa = PBXGroup;
			children = (
				0A10535F0EEB8F9B008DD305 /* ReadMe.rtf */,
			);
			path = Resources;
			sourceTree = "<group>";
		};
		1058C7ACFEA557BF11CA2CBB /* Linked Frameworks */ = {
			isa = PBXGroup;
			children = (
				1058C7ADFEA557BF11CA2CBB /* Cocoa.framework */,
				0A1053BD0EEB9015008DD305 /* Carbon.framework */,
				0A1053BB0EEB9009008DD305 /* SystemUIPlugin.framework */,
			);
			name = "Linked Frameworks";
			sourceTree = "<group>";
		};
		1058C7AEFEA557BF11CA2CBB /* Other Frameworks */ = {
			isa = PBXGroup;
			children = (
				089C167FFE841241C02AAC07 /* AppKit.framework */,
				D2F7E65807B2D6F200F64583 /* CoreData.framework */,
				089C1672FE841209C02AAC07 /* Foundation.framework */,
			);
			name = "Other Frameworks";
			sourceTree = "<group>";
		};
		19C28FB8FE9D52D311CA2CBB /* Products */ = {
			isa = PBXGroup;
			children = (
				8D5B49B6048680CD000E48DA /* GeektoolMenu.bundle */,
			);
			name = Products;
			sourceTree = "<group>";
		};
		32C88E010371C26100C91783 /* Other Sources */ = {
			isa = PBXGroup;
			children = (
				0A1053520EEB8F9A008DD305 /* SystemUIPlugin.h */,
				32DBCF630370AF2F00C91783 /* GeektoolMenu_Prefix.pch */,
			);
			name = "Other Sources";
			sourceTree = "<group>";
		};
/* End PBXGroup section */

/* Begin PBXNativeTarget section */
		8D5B49AC048680CD000E48DA /* GeektoolMenu */ = {
			isa = PBXNativeTarget;
			buildConfigurationList = 1DEB913A08733D840010E9CD /* Build configuration list for PBXNativeTarget "GeektoolMenu" */;
			buildPhases = (
				8D5B49AF048680CD000E48DA /* Resources */,
				8D5B49B1048680CD000E48DA /* Sources */,
				8D5B49B3048680CD000E48DA /* Frameworks */,
			);
			buildRules = (
			);
			dependencies = (
			);
			name = GeektoolMenu;
			productInstallPath = "$(HOME)/Library/Bundles";
			productName = GeektoolMenu;
			productReference = 8D5B49B6048680CD000E48DA /* GeektoolMenu.bundle */;
			productType = "com.apple.product-type.bundle";
		};
/* End PBXNativeTarget section */

/* Begin PBXProject section */
		089C1669FE841209C02AAC07 /* Project object */ = {
			isa = PBXProject;
			buildConfigurationList = 1DEB913E08733D840010E9CD /* Build configuration list for PBXProject "GeektoolMenu" */;
			compatibilityVersion = "Xcode 3.0";
			hasScannedForEncodings = 1;
			mainGroup = 089C166AFE841209C02AAC07 /* GeektoolMenu */;
			projectDirPath = "";
			projectRoot = "";
			targets = (
				8D5B49AC048680CD000E48DA /* GeektoolMenu */,
			);
		};
/* End PBXProject section */

/* Begin PBXResourcesBuildPhase section */
		8D5B49AF048680CD000E48DA /* Resources */ = {
			isa = PBXResourcesBuildPhase;
			buildActionMask = 2147483647;
			files = (
				0A1053670EEB8F9B008DD305 /* Localizable.strings in Resources */,
				0A1053680EEB8F9B008DD305 /* Info.plist in Resources */,
				0A1053690EEB8F9B008DD305 /* MenuCracker in Resources */,
				0A10536A0EEB8F9B008DD305 /* pbdevelopment.plist in Resources */,
				0A10536B0EEB8F9B008DD305 /* ReadMe.rtf in Resources */,
				0A10536C0EEB8F9B008DD305 /* Icon in Resources */,
				0A10536E0EEB8F9B008DD305 /* geektoolmenualt.tif in Resources */,
				0A10536F0EEB8F9B008DD305 /* geektoolmenu.tif in Resources */,
			);
			runOnlyForDeploymentPostprocessing = 0;
		};
/* End PBXResourcesBuildPhase section */

/* Begin PBXSourcesBuildPhase section */
		8D5B49B1048680CD000E48DA /* Sources */ = {
			isa = PBXSourcesBuildPhase;
			buildActionMask = 2147483647;
			files = (
				0A10536D0EEB8F9B008DD305 /* GeekToolMenuView.m in Sources */,
				0A1053700EEB8F9B008DD305 /* GeekToolMenu.m in Sources */,
			);
			runOnlyForDeploymentPostprocessing = 0;
		};
/* End PBXSourcesBuildPhase section */

/* Begin PBXVariantGroup section */
		0A1053540EEB8F9A008DD305 /* Localizable.strings */ = {
			isa = PBXVariantGroup;
			children = (
				0A1053550EEB8F9A008DD305 /* English */,
				0A1053560EEB8F9A008DD305 /* French */,
				0A1053570EEB8F9A008DD305 /* Japanese */,
			);
			name = Localizable.strings;
			sourceTree = "<group>";
		};
/* End PBXVariantGroup section */

/* Begin XCBuildConfiguration section */
		1DEB913B08733D840010E9CD /* Debug */ = {
			isa = XCBuildConfiguration;
			buildSettings = {
				COPY_PHASE_STRIP = NO;
				FRAMEWORK_SEARCH_PATHS = (
					"$(inherited)",
					"\"$(SYSTEM_LIBRARY_DIR)/PrivateFrameworks\"",
				);
				GCC_DYNAMIC_NO_PIC = NO;
				GCC_ENABLE_FIX_AND_CONTINUE = YES;
				GCC_MODEL_TUNING = G5;
				GCC_OPTIMIZATION_LEVEL = 0;
				GCC_PRECOMPILE_PREFIX_HEADER = YES;
				GCC_PREFIX_HEADER = GeektoolMenu_Prefix.pch;
				INFOPLIST_FILE = Info.plist;
				INSTALL_PATH = "$(HOME)/Library/Bundles";
				PRODUCT_NAME = GeektoolMenu;
				WRAPPER_EXTENSION = bundle;
				ZERO_LINK = YES;
			};
			name = Debug;
		};
		1DEB913C08733D840010E9CD /* Release */ = {
			isa = XCBuildConfiguration;
			buildSettings = {
				DEBUG_INFORMATION_FORMAT = "dwarf-with-dsym";
				FRAMEWORK_SEARCH_PATHS = (
					"$(inherited)",
					"\"$(SYSTEM_LIBRARY_DIR)/PrivateFrameworks\"",
				);
				GCC_MODEL_TUNING = G5;
				GCC_PRECOMPILE_PREFIX_HEADER = YES;
				GCC_PREFIX_HEADER = GeektoolMenu_Prefix.pch;
				INFOPLIST_FILE = Info.plist;
				INSTALL_PATH = "$(HOME)/Library/Bundles";
				PRODUCT_NAME = GeektoolMenu;
				WRAPPER_EXTENSION = bundle;
			};
			name = Release;
		};
		1DEB913F08733D840010E9CD /* Debug */ = {
			isa = XCBuildConfiguration;
			buildSettings = {
				GCC_WARN_ABOUT_RETURN_TYPE = YES;
				GCC_WARN_UNUSED_VARIABLE = YES;
				PREBINDING = NO;
				SDKROOT = "$(DEVELOPER_SDK_DIR)/MacOSX10.5.sdk";
			};
			name = Debug;
		};
		1DEB914008733D840010E9CD /* Release */ = {
			isa = XCBuildConfiguration;
			buildSettings = {
				ARCHS = (
					ppc,
					i386,
				);
				GCC_WARN_ABOUT_RETURN_TYPE = YES;
				GCC_WARN_UNUSED_VARIABLE = YES;
				PREBINDING = NO;
				SDKROOT = "$(DEVELOPER_SDK_DIR)/MacOSX10.5.sdk";
			};
			name = Release;
		};
/* End XCBuildConfiguration section */

/* Begin XCConfigurationList section */
		1DEB913A08733D840010E9CD /* Build configuration list for PBXNativeTarget "GeektoolMenu" */ = {
			isa = XCConfigurationList;
			buildConfigurations = (
				1DEB913B08733D840010E9CD /* Debug */,
				1DEB913C08733D840010E9CD /* Release */,
			);
			defaultConfigurationIsVisible = 0;
			defaultConfigurationName = Release;
		};
		1DEB913E08733D840010E9CD /* Build configuration list for PBXProject "GeektoolMenu" */ = {
			isa = XCConfigurationList;
			buildConfigurations = (
				1DEB913F08733D840010E9CD /* Debug */,
				1DEB914008733D840010E9CD /* Release */,
			);
			defaultConfigurationIsVisible = 0;
			defaultConfigurationName = Release;
		};
/* End XCConfigurationList section */
	};
	rootObject = 089C1669FE841209C02AAC07 /* Project object */;
}
